
Microsoft Visual Studio Solution File, Format Version 12.00
Project("{FAE04EC0-301F-11D3-BF4B-00C04F79EFBC}") = "Digma.Rider", "Digma.Rider\Digma.Rider.csproj", "{3CF7B92B-8AE6-482B-80CF-30D260710C94}"
EndProject
Project("{FAE04EC0-301F-11D3-BF4B-00C04F79EFBC}") = "Digma.Rider.Tests", "Digma.Rider.Tests\Digma.Rider.Tests.csproj", "{A200887A-A5D9-46D0-B8D0-BF0C8996A2AE}"
EndProject
Global
	GlobalSection(SolutionConfigurationPlatforms) = preSolution
		Debug|Any CPU = Debug|Any CPU
		Release|Any CPU = Release|Any CPU
	EndGlobalSection
	GlobalSection(ProjectConfigurationPlatforms) = postSolution
		{3CF7B92B-8AE6-482B-80CF-30D260710C94}.Debug|Any CPU.ActiveCfg = Debug|Any CPU
		{3CF7B92B-8AE6-482B-80CF-30D260710C94}.Debug|Any CPU.Build.0 = Debug|Any CPU
		{3CF7B92B-8AE6-482B-80CF-30D260710C94}.Release|Any CPU.ActiveCfg = Release|Any CPU
		{3CF7B92B-8AE6-482B-80CF-30D260710C94}.Release|Any CPU.Build.0 = Release|Any CPU
		{A200887A-A5D9-46D0-B8D0-BF0C8996A2AE}.Debug|Any CPU.ActiveCfg = Debug|Any CPU
		{A200887A-A5D9-46D0-B8D0-BF0C8996A2AE}.Debug|Any CPU.Build.0 = Debug|Any CPU
		{A200887A-A5D9-46D0-B8D0-BF0C8996A2AE}.Release|Any CPU.ActiveCfg = Release|Any CPU
		{A200887A-A5D9-46D0-B8D0-BF0C8996A2AE}.Release|Any CPU.Build.0 = Release|Any CPU
	EndGlobalSection
EndGlobal
